// !$*UTF8*$!
{
	archiveVersion = 1;
	classes = {
	};
	objectVersion = 54;
	objects = {

/* Begin PBXBuildFile section */
		812204DF25D0528A0059A460 /* Base.lproj in Resources */ = {isa = PBXBuildFile; fileRef = 812204DE25D0528A0059A460 /* Base.lproj */; };
		812204E325D052CE0059A460 /* Assets.xcassets in Resources */ = {isa = PBXBuildFile; fileRef = 812204E225D052CE0059A460 /* Assets.xcassets */; };
		8122054925D058FE0059A460 /* LaunchScreen.storyboard in Resources */ = {isa = PBXBuildFile; fileRef = 8122054825D058C90059A460 /* LaunchScreen.storyboard */; };
		8122054A25D058FE0059A460 /* Main.storyboard in Resources */ = {isa = PBXBuildFile; fileRef = 8122054725D058C90059A460 /* Main.storyboard */; };
		8122058525D06E010059A460 /* Localizable.strings in Resources */ = {isa = PBXBuildFile; fileRef = 8122058725D06E010059A460 /* Localizable.strings */; };
		812205BD25D079B20059A460 /* SubscriptionView.swift in Sources */ = {isa = PBXBuildFile; fileRef = 812205BC25D079B20059A460 /* SubscriptionView.swift */; };
		812205C025D07E7F0059A460 /* SubscriptionViewController.swift in Sources */ = {isa = PBXBuildFile; fileRef = 812205BF25D07E7F0059A460 /* SubscriptionViewController.swift */; };
		812FE28325B39E5800EE8A87 /* ObjectDetectionUtil.swift in Sources */ = {isa = PBXBuildFile; fileRef = 812FE28225B39E5800EE8A87 /* ObjectDetectionUtil.swift */; };
		812FE33125B4AAB600EE8A87 /* UIUtilities.swift in Sources */ = {isa = PBXBuildFile; fileRef = 812FE33025B4AAB600EE8A87 /* UIUtilities.swift */; };
		813A30C325C6053400CBF79E /* CropBox.swift in Sources */ = {isa = PBXBuildFile; fileRef = 813A30C225C6053400CBF79E /* CropBox.swift */; };
		81408DB225BB4F4200CF57F7 /* LandmarkDetection.swift in Sources */ = {isa = PBXBuildFile; fileRef = 81408DB125BB4F4200CF57F7 /* LandmarkDetection.swift */; };
		81408DB525BB5A9400CF57F7 /* Modes.swift in Sources */ = {isa = PBXBuildFile; fileRef = 81408DB425BB5A9400CF57F7 /* Modes.swift */; };
		81408DB825BB6DFF00CF57F7 /* ImageLabeling.swift in Sources */ = {isa = PBXBuildFile; fileRef = 81408DB725BB6DFF00CF57F7 /* ImageLabeling.swift */; };
		814788FD258FBF3D00383673 /* LanguageModel.swift in Sources */ = {isa = PBXBuildFile; fileRef = 814788FC258FBF3D00383673 /* LanguageModel.swift */; };
		8147891C258FCFF100383673 /* Constants.swift in Sources */ = {isa = PBXBuildFile; fileRef = 8147891B258FCFF100383673 /* Constants.swift */; };
		8147891F258FF1A200383673 /* LanguageStore.swift in Sources */ = {isa = PBXBuildFile; fileRef = 8147891E258FF1A200383673 /* LanguageStore.swift */; };
		8149FAD825783658004945A2 /* CGImage.swift in Sources */ = {isa = PBXBuildFile; fileRef = 8149FAD725783658004945A2 /* CGImage.swift */; };
		81518BD225A1BA8700968885 /* ImagePreviewModel.swift in Sources */ = {isa = PBXBuildFile; fileRef = 81518BD125A1BA8700968885 /* ImagePreviewModel.swift */; };
		8157E407257AD927002F44D5 /* TranslatorController.swift in Sources */ = {isa = PBXBuildFile; fileRef = 8157E406257AD927002F44D5 /* TranslatorController.swift */; };
		8168C4B025965D2D008BCE6E /* Reachability.swift in Sources */ = {isa = PBXBuildFile; fileRef = 8168C4AF25965D2D008BCE6E /* Reachability.swift */; };
		8168C4DB259725E4008BCE6E /* HistoryViewController.swift in Sources */ = {isa = PBXBuildFile; fileRef = 8168C4DA259725E4008BCE6E /* HistoryViewController.swift */; };
		8168C4DF2597260D008BCE6E /* SettingsView.swift in Sources */ = {isa = PBXBuildFile; fileRef = 8168C4DE2597260D008BCE6E /* SettingsView.swift */; };
		8168C4E325977978008BCE6E /* GoogleService-Info.plist in Resources */ = {isa = PBXBuildFile; fileRef = 8168C4E225977978008BCE6E /* GoogleService-Info.plist */; };
		8168C4ED2598169A008BCE6E /* HistoryCell.xcdatamodeld in Sources */ = {isa = PBXBuildFile; fileRef = 8168C4EB2598169A008BCE6E /* HistoryCell.xcdatamodeld */; };
		8168C4F025981883008BCE6E /* CoreDataController.swift in Sources */ = {isa = PBXBuildFile; fileRef = 8168C4EF25981883008BCE6E /* CoreDataController.swift */; };
		8168C4F325986303008BCE6E /* HistoryDetailController.swift in Sources */ = {isa = PBXBuildFile; fileRef = 8168C4F225986303008BCE6E /* HistoryDetailController.swift */; };
		81735A39259C3EC7006E5491 /* ChooseLanguageModel.swift in Sources */ = {isa = PBXBuildFile; fileRef = 81735A38259C3EC7006E5491 /* ChooseLanguageModel.swift */; };
		817DBA7C258EF2CE00529FE1 /* LanguageRecognitionUtils.swift in Sources */ = {isa = PBXBuildFile; fileRef = 817DBA7B258EF2CE00529FE1 /* LanguageRecognitionUtils.swift */; };
		817DBA9D258EFDBB00529FE1 /* UserDefaultsController.swift in Sources */ = {isa = PBXBuildFile; fileRef = 817DBA9C258EFDBB00529FE1 /* UserDefaultsController.swift */; };
		81B5FE132577DF3A00458926 /* CameraViewController.swift in Sources */ = {isa = PBXBuildFile; fileRef = 81B5FE122577DF3A00458926 /* CameraViewController.swift */; };
		81B5FE1C25781AC000458926 /* CameraView.swift in Sources */ = {isa = PBXBuildFile; fileRef = 81B5FE1B25781AC000458926 /* CameraView.swift */; };
		81B5FE20257821D600458926 /* ImagePreviewController.swift in Sources */ = {isa = PBXBuildFile; fileRef = 81B5FE1F257821D600458926 /* ImagePreviewController.swift */; };
		81B888132586627C00EA3EE3 /* LanguageModelsManager.swift in Sources */ = {isa = PBXBuildFile; fileRef = 81B888122586627C00EA3EE3 /* LanguageModelsManager.swift */; };
		81C74D0C2579A81F00287A2C /* SegmentChooseLanguageView.swift in Sources */ = {isa = PBXBuildFile; fileRef = 81C74D0B2579A81F00287A2C /* SegmentChooseLanguageView.swift */; };
		81C74D222579AF8F00287A2C /* DetailChooseLanguageViewController.swift in Sources */ = {isa = PBXBuildFile; fileRef = 81C74D212579AF8F00287A2C /* DetailChooseLanguageViewController.swift */; };
		81CC1BA525A1F5B1007421C4 /* CameraWithOptionView.swift in Sources */ = {isa = PBXBuildFile; fileRef = 81CC1BA425A1F5B1007421C4 /* CameraWithOptionView.swift */; };
		81CC1BA825A1FDF6007421C4 /* UIImage+Extension.swift in Sources */ = {isa = PBXBuildFile; fileRef = 81CC1BA725A1FDF6007421C4 /* UIImage+Extension.swift */; };
		81CC1BB125A1FF8B007421C4 /* ImagePreviewView.swift in Sources */ = {isa = PBXBuildFile; fileRef = 81CC1BB025A1FF8B007421C4 /* ImagePreviewView.swift */; };
		81CC1BBA25A212E2007421C4 /* TranslateProtocol.swift in Sources */ = {isa = PBXBuildFile; fileRef = 81CC1BB925A212E2007421C4 /* TranslateProtocol.swift */; };
		81D2B72025AA26D200C869D2 /* HistoryView.swift in Sources */ = {isa = PBXBuildFile; fileRef = 81D2B71F25AA26D200C869D2 /* HistoryView.swift */; };
		81D2B72625AA2A4000C869D2 /* HistoryDetailView.swift in Sources */ = {isa = PBXBuildFile; fileRef = 81D2B72525AA2A4000C869D2 /* HistoryDetailView.swift */; };
		81F5C32925AA55330032278A /* HistoryViewCell.swift in Sources */ = {isa = PBXBuildFile; fileRef = 81F5C32825AA55330032278A /* HistoryViewCell.swift */; };
		81F5C32D25AA72390032278A /* String+Extension.swift in Sources */ = {isa = PBXBuildFile; fileRef = 81F5C32C25AA72390032278A /* String+Extension.swift */; };
		81F5C33225AB24360032278A /* Error.swift in Sources */ = {isa = PBXBuildFile; fileRef = 81F5C33125AB24360032278A /* Error.swift */; };
		81FF82EB2573122800C953F5 /* AppDelegate.swift in Sources */ = {isa = PBXBuildFile; fileRef = 81FF82EA2573122800C953F5 /* AppDelegate.swift */; };
		81FF82ED2573122800C953F5 /* SceneDelegate.swift in Sources */ = {isa = PBXBuildFile; fileRef = 81FF82EC2573122800C953F5 /* SceneDelegate.swift */; };
		81FF833C25731B0400C953F5 /* ScaledElementProcessor.swift in Sources */ = {isa = PBXBuildFile; fileRef = 81FF833B25731B0400C953F5 /* ScaledElementProcessor.swift */; };
		82B03E896709A2A040635632 /* Pods_Translate_Camera.framework in Frameworks */ = {isa = PBXBuildFile; fileRef = 5B35037C7C0D0BC1AB5E3226 /* Pods_Translate_Camera.framework */; };
/* End PBXBuildFile section */

/* Begin PBXFileReference section */
		2420E960C54F1B99251E23CB /* Pods-Translate Camera.release.xcconfig */ = {isa = PBXFileReference; includeInIndex = 1; lastKnownFileType = text.xcconfig; name = "Pods-Translate Camera.release.xcconfig"; path = "Target Support Files/Pods-Translate Camera/Pods-Translate Camera.release.xcconfig"; sourceTree = "<group>"; };
		5B35037C7C0D0BC1AB5E3226 /* Pods_Translate_Camera.framework */ = {isa = PBXFileReference; explicitFileType = wrapper.framework; includeInIndex = 0; path = Pods_Translate_Camera.framework; sourceTree = BUILT_PRODUCTS_DIR; };
		812204DE25D0528A0059A460 /* Base.lproj */ = {isa = PBXFileReference; lastKnownFileType = folder; path = Base.lproj; sourceTree = "<group>"; };
		812204E225D052CE0059A460 /* Assets.xcassets */ = {isa = PBXFileReference; lastKnownFileType = folder.assetcatalog; path = Assets.xcassets; sourceTree = "<group>"; };
		8122054725D058C90059A460 /* Main.storyboard */ = {isa = PBXFileReference; lastKnownFileType = file.storyboard; path = Main.storyboard; sourceTree = "<group>"; };
		8122054825D058C90059A460 /* LaunchScreen.storyboard */ = {isa = PBXFileReference; lastKnownFileType = file.storyboard; path = LaunchScreen.storyboard; sourceTree = "<group>"; };
		8122058925D06E110059A460 /* en */ = {isa = PBXFileReference; lastKnownFileType = text.plist.strings; name = en; path = en.lproj/Localizable.strings; sourceTree = "<group>"; };
		812205BC25D079B20059A460 /* SubscriptionView.swift */ = {isa = PBXFileReference; lastKnownFileType = sourcecode.swift; path = SubscriptionView.swift; sourceTree = "<group>"; };
		812205BF25D07E7F0059A460 /* SubscriptionViewController.swift */ = {isa = PBXFileReference; lastKnownFileType = sourcecode.swift; path = SubscriptionViewController.swift; sourceTree = "<group>"; };
		812FE28225B39E5800EE8A87 /* ObjectDetectionUtil.swift */ = {isa = PBXFileReference; lastKnownFileType = sourcecode.swift; path = ObjectDetectionUtil.swift; sourceTree = "<group>"; };
		812FE33025B4AAB600EE8A87 /* UIUtilities.swift */ = {isa = PBXFileReference; lastKnownFileType = sourcecode.swift; path = UIUtilities.swift; sourceTree = "<group>"; };
		813A30C225C6053400CBF79E /* CropBox.swift */ = {isa = PBXFileReference; lastKnownFileType = sourcecode.swift; path = CropBox.swift; sourceTree = "<group>"; };
		81408DB125BB4F4200CF57F7 /* LandmarkDetection.swift */ = {isa = PBXFileReference; lastKnownFileType = sourcecode.swift; path = LandmarkDetection.swift; sourceTree = "<group>"; };
		81408DB425BB5A9400CF57F7 /* Modes.swift */ = {isa = PBXFileReference; lastKnownFileType = sourcecode.swift; path = Modes.swift; sourceTree = "<group>"; };
		81408DB725BB6DFF00CF57F7 /* ImageLabeling.swift */ = {isa = PBXFileReference; lastKnownFileType = sourcecode.swift; path = ImageLabeling.swift; sourceTree = "<group>"; };
		814788FC258FBF3D00383673 /* LanguageModel.swift */ = {isa = PBXFileReference; lastKnownFileType = sourcecode.swift; path = LanguageModel.swift; sourceTree = "<group>"; };
		8147891B258FCFF100383673 /* Constants.swift */ = {isa = PBXFileReference; lastKnownFileType = sourcecode.swift; path = Constants.swift; sourceTree = "<group>"; };
		8147891E258FF1A200383673 /* LanguageStore.swift */ = {isa = PBXFileReference; lastKnownFileType = sourcecode.swift; path = LanguageStore.swift; sourceTree = "<group>"; };
		8149FAD725783658004945A2 /* CGImage.swift */ = {isa = PBXFileReference; lastKnownFileType = sourcecode.swift; path = CGImage.swift; sourceTree = "<group>"; };
		81518BD125A1BA8700968885 /* ImagePreviewModel.swift */ = {isa = PBXFileReference; lastKnownFileType = sourcecode.swift; path = ImagePreviewModel.swift; sourceTree = "<group>"; };
		8157E406257AD927002F44D5 /* TranslatorController.swift */ = {isa = PBXFileReference; lastKnownFileType = sourcecode.swift; path = TranslatorController.swift; sourceTree = "<group>"; };
		8168C4AF25965D2D008BCE6E /* Reachability.swift */ = {isa = PBXFileReference; lastKnownFileType = sourcecode.swift; path = Reachability.swift; sourceTree = "<group>"; };
		8168C4DA259725E4008BCE6E /* HistoryViewController.swift */ = {isa = PBXFileReference; lastKnownFileType = sourcecode.swift; path = HistoryViewController.swift; sourceTree = "<group>"; };
		8168C4DE2597260D008BCE6E /* SettingsView.swift */ = {isa = PBXFileReference; lastKnownFileType = sourcecode.swift; path = SettingsView.swift; sourceTree = "<group>"; };
		8168C4E225977978008BCE6E /* GoogleService-Info.plist */ = {isa = PBXFileReference; fileEncoding = 4; lastKnownFileType = text.plist.xml; path = "GoogleService-Info.plist"; sourceTree = "<group>"; };
		8168C4EC2598169A008BCE6E /* HistoryCell.xcdatamodel */ = {isa = PBXFileReference; lastKnownFileType = wrapper.xcdatamodel; path = HistoryCell.xcdatamodel; sourceTree = "<group>"; };
		8168C4EF25981883008BCE6E /* CoreDataController.swift */ = {isa = PBXFileReference; lastKnownFileType = sourcecode.swift; path = CoreDataController.swift; sourceTree = "<group>"; };
		8168C4F225986303008BCE6E /* HistoryDetailController.swift */ = {isa = PBXFileReference; lastKnownFileType = sourcecode.swift; path = HistoryDetailController.swift; sourceTree = "<group>"; };
		81735A38259C3EC7006E5491 /* ChooseLanguageModel.swift */ = {isa = PBXFileReference; lastKnownFileType = sourcecode.swift; path = ChooseLanguageModel.swift; sourceTree = "<group>"; };
		817DBA7B258EF2CE00529FE1 /* LanguageRecognitionUtils.swift */ = {isa = PBXFileReference; lastKnownFileType = sourcecode.swift; path = LanguageRecognitionUtils.swift; sourceTree = "<group>"; };
		817DBA9C258EFDBB00529FE1 /* UserDefaultsController.swift */ = {isa = PBXFileReference; lastKnownFileType = sourcecode.swift; path = UserDefaultsController.swift; sourceTree = "<group>"; };
		81B5FE122577DF3A00458926 /* CameraViewController.swift */ = {isa = PBXFileReference; lastKnownFileType = sourcecode.swift; path = CameraViewController.swift; sourceTree = "<group>"; };
		81B5FE1B25781AC000458926 /* CameraView.swift */ = {isa = PBXFileReference; lastKnownFileType = sourcecode.swift; path = CameraView.swift; sourceTree = "<group>"; };
		81B5FE1F257821D600458926 /* ImagePreviewController.swift */ = {isa = PBXFileReference; lastKnownFileType = sourcecode.swift; path = ImagePreviewController.swift; sourceTree = "<group>"; };
		81B888122586627C00EA3EE3 /* LanguageModelsManager.swift */ = {isa = PBXFileReference; lastKnownFileType = sourcecode.swift; path = LanguageModelsManager.swift; sourceTree = "<group>"; };
		81C74D0B2579A81F00287A2C /* SegmentChooseLanguageView.swift */ = {isa = PBXFileReference; lastKnownFileType = sourcecode.swift; path = SegmentChooseLanguageView.swift; sourceTree = "<group>"; };
		81C74D212579AF8F00287A2C /* DetailChooseLanguageViewController.swift */ = {isa = PBXFileReference; lastKnownFileType = sourcecode.swift; path = DetailChooseLanguageViewController.swift; sourceTree = "<group>"; };
		81CC1BA425A1F5B1007421C4 /* CameraWithOptionView.swift */ = {isa = PBXFileReference; lastKnownFileType = sourcecode.swift; path = CameraWithOptionView.swift; sourceTree = "<group>"; };
		81CC1BA725A1FDF6007421C4 /* UIImage+Extension.swift */ = {isa = PBXFileReference; lastKnownFileType = sourcecode.swift; path = "UIImage+Extension.swift"; sourceTree = "<group>"; };
		81CC1BB025A1FF8B007421C4 /* ImagePreviewView.swift */ = {isa = PBXFileReference; lastKnownFileType = sourcecode.swift; path = ImagePreviewView.swift; sourceTree = "<group>"; };
		81CC1BB925A212E2007421C4 /* TranslateProtocol.swift */ = {isa = PBXFileReference; lastKnownFileType = sourcecode.swift; path = TranslateProtocol.swift; sourceTree = "<group>"; };
		81D2B71F25AA26D200C869D2 /* HistoryView.swift */ = {isa = PBXFileReference; lastKnownFileType = sourcecode.swift; path = HistoryView.swift; sourceTree = "<group>"; };
		81D2B72525AA2A4000C869D2 /* HistoryDetailView.swift */ = {isa = PBXFileReference; lastKnownFileType = sourcecode.swift; path = HistoryDetailView.swift; sourceTree = "<group>"; };
		81F5C32825AA55330032278A /* HistoryViewCell.swift */ = {isa = PBXFileReference; lastKnownFileType = sourcecode.swift; path = HistoryViewCell.swift; sourceTree = "<group>"; };
		81F5C32C25AA72390032278A /* String+Extension.swift */ = {isa = PBXFileReference; lastKnownFileType = sourcecode.swift; path = "String+Extension.swift"; sourceTree = "<group>"; };
		81F5C33125AB24360032278A /* Error.swift */ = {isa = PBXFileReference; lastKnownFileType = sourcecode.swift; path = Error.swift; sourceTree = "<group>"; };
		81FF82E72573122800C953F5 /* Translate Camera.app */ = {isa = PBXFileReference; explicitFileType = wrapper.application; includeInIndex = 0; path = "Translate Camera.app"; sourceTree = BUILT_PRODUCTS_DIR; };
		81FF82EA2573122800C953F5 /* AppDelegate.swift */ = {isa = PBXFileReference; lastKnownFileType = sourcecode.swift; path = AppDelegate.swift; sourceTree = "<group>"; };
		81FF82EC2573122800C953F5 /* SceneDelegate.swift */ = {isa = PBXFileReference; lastKnownFileType = sourcecode.swift; path = SceneDelegate.swift; sourceTree = "<group>"; };
		81FF82F82573122A00C953F5 /* Info.plist */ = {isa = PBXFileReference; lastKnownFileType = text.plist.xml; path = Info.plist; sourceTree = "<group>"; };
		81FF833B25731B0400C953F5 /* ScaledElementProcessor.swift */ = {isa = PBXFileReference; lastKnownFileType = sourcecode.swift; path = ScaledElementProcessor.swift; sourceTree = "<group>"; };
		EB18E205764717AB9292305C /* Pods-Translate Camera.debug.xcconfig */ = {isa = PBXFileReference; includeInIndex = 1; lastKnownFileType = text.xcconfig; name = "Pods-Translate Camera.debug.xcconfig"; path = "Target Support Files/Pods-Translate Camera/Pods-Translate Camera.debug.xcconfig"; sourceTree = "<group>"; };
/* End PBXFileReference section */

/* Begin PBXFrameworksBuildPhase section */
		81FF82E42573122800C953F5 /* Frameworks */ = {
			isa = PBXFrameworksBuildPhase;
			buildActionMask = 2147483647;
			files = (
				82B03E896709A2A040635632 /* Pods_Translate_Camera.framework in Frameworks */,
			);
			runOnlyForDeploymentPostprocessing = 0;
		};
/* End PBXFrameworksBuildPhase section */

/* Begin PBXGroup section */
		0B8B9EF2DFCF1E1108487402 /* Frameworks */ = {
			isa = PBXGroup;
			children = (
				5B35037C7C0D0BC1AB5E3226 /* Pods_Translate_Camera.framework */,
			);
			name = Frameworks;
			sourceTree = "<group>";
		};
		7C002A01FC74A837ECD511D6 /* Pods */ = {
			isa = PBXGroup;
			children = (
				EB18E205764717AB9292305C /* Pods-Translate Camera.debug.xcconfig */,
				2420E960C54F1B99251E23CB /* Pods-Translate Camera.release.xcconfig */,
			);
			path = Pods;
			sourceTree = "<group>";
		};
		8122049825D04B0B0059A460 /* Controllers */ = {
			isa = PBXGroup;
			children = (
				81B5FE1F257821D600458926 /* ImagePreviewController.swift */,
				81C74D212579AF8F00287A2C /* DetailChooseLanguageViewController.swift */,
				8168C4F225986303008BCE6E /* HistoryDetailController.swift */,
				8168C4DA259725E4008BCE6E /* HistoryViewController.swift */,
				81B5FE122577DF3A00458926 /* CameraViewController.swift */,
				812205BF25D07E7F0059A460 /* SubscriptionViewController.swift */,
			);
			path = Controllers;
			sourceTree = "<group>";
		};
		8122049A25D04BE60059A460 /* Views */ = {
			isa = PBXGroup;
			children = (
				81D2B71F25AA26D200C869D2 /* HistoryView.swift */,
				81D2B72525AA2A4000C869D2 /* HistoryDetailView.swift */,
				81F5C32825AA55330032278A /* HistoryViewCell.swift */,
				8168C4DE2597260D008BCE6E /* SettingsView.swift */,
				81CC1BB025A1FF8B007421C4 /* ImagePreviewView.swift */,
				813A30C225C6053400CBF79E /* CropBox.swift */,
				81C74D0B2579A81F00287A2C /* SegmentChooseLanguageView.swift */,
				81CC1BA425A1F5B1007421C4 /* CameraWithOptionView.swift */,
				81B5FE1B25781AC000458926 /* CameraView.swift */,
				812205BC25D079B20059A460 /* SubscriptionView.swift */,
			);
			path = Views;
			sourceTree = "<group>";
		};
		8122049C25D04C200059A460 /* Protocols */ = {
			isa = PBXGroup;
			children = (
				81CC1BB925A212E2007421C4 /* TranslateProtocol.swift */,
			);
			path = Protocols;
			sourceTree = "<group>";
		};
		812204A025D04C590059A460 /* Models */ = {
			isa = PBXGroup;
			children = (
				81F5C33125AB24360032278A /* Error.swift */,
				81408DB425BB5A9400CF57F7 /* Modes.swift */,
				81735A38259C3EC7006E5491 /* ChooseLanguageModel.swift */,
				81518BD125A1BA8700968885 /* ImagePreviewModel.swift */,
			);
			path = Models;
			sourceTree = "<group>";
		};
		812204A725D050670059A460 /* Resources */ = {
			isa = PBXGroup;
			children = (
				81FF82F82573122A00C953F5 /* Info.plist */,
				8168C4E225977978008BCE6E /* GoogleService-Info.plist */,
			);
			path = Resources;
			sourceTree = "<group>";
		};
		812FE28125B39E4500EE8A87 /* ObjectDetection */ = {
			isa = PBXGroup;
			children = (
				812FE28225B39E5800EE8A87 /* ObjectDetectionUtil.swift */,
			);
			path = ObjectDetection;
			sourceTree = "<group>";
		};
		8149FAD62578364F004945A2 /* Utilities */ = {
			isa = PBXGroup;
			children = (
				817DBA9B258EFDAD00529FE1 /* CoreData */,
				81FF833A25731AEF00C953F5 /* MLKit  */,
				8147891B258FCFF100383673 /* Constants.swift */,
				8168C4AF25965D2D008BCE6E /* Reachability.swift */,
				812FE33025B4AAB600EE8A87 /* UIUtilities.swift */,
			);
			path = Utilities;
			sourceTree = "<group>";
		};
		8157E404257AD90A002F44D5 /* TextRecognition */ = {
			isa = PBXGroup;
			children = (
				81FF833B25731B0400C953F5 /* ScaledElementProcessor.swift */,
			);
			path = TextRecognition;
			sourceTree = "<group>";
		};
		8157E405257AD914002F44D5 /* Translate */ = {
			isa = PBXGroup;
			children = (
				8157E406257AD927002F44D5 /* TranslatorController.swift */,
				81B888122586627C00EA3EE3 /* LanguageModelsManager.swift */,
			);
			path = Translate;
			sourceTree = "<group>";
		};
		8168C4EA25981671008BCE6E /* Model */ = {
			isa = PBXGroup;
			children = (
				8147891E258FF1A200383673 /* LanguageStore.swift */,
				814788FC258FBF3D00383673 /* LanguageModel.swift */,
			);
			path = Model;
			sourceTree = "<group>";
		};
		817DBA9B258EFDAD00529FE1 /* CoreData */ = {
			isa = PBXGroup;
			children = (
				8168C4EB2598169A008BCE6E /* HistoryCell.xcdatamodeld */,
				8168C4EF25981883008BCE6E /* CoreDataController.swift */,
				817DBA9C258EFDBB00529FE1 /* UserDefaultsController.swift */,
			);
			path = CoreData;
			sourceTree = "<group>";
		};
		81F5C32F25AA80770032278A /* LanguageRecognition */ = {
			isa = PBXGroup;
			children = (
				817DBA7B258EF2CE00529FE1 /* LanguageRecognitionUtils.swift */,
			);
			path = LanguageRecognition;
			sourceTree = "<group>";
		};
		81F5C33525AB69B60032278A /* Extension */ = {
			isa = PBXGroup;
			children = (
				81F5C32C25AA72390032278A /* String+Extension.swift */,
				8149FAD725783658004945A2 /* CGImage.swift */,
				81CC1BA725A1FDF6007421C4 /* UIImage+Extension.swift */,
			);
			path = Extension;
			sourceTree = "<group>";
		};
		81FF82DE2573122800C953F5 = {
			isa = PBXGroup;
			children = (
				81FF82E92573122800C953F5 /* scannerApp */,
				81FF82E82573122800C953F5 /* Products */,
				7C002A01FC74A837ECD511D6 /* Pods */,
				0B8B9EF2DFCF1E1108487402 /* Frameworks */,
			);
			sourceTree = "<group>";
		};
		81FF82E82573122800C953F5 /* Products */ = {
			isa = PBXGroup;
			children = (
				81FF82E72573122800C953F5 /* Translate Camera.app */,
			);
			name = Products;
			sourceTree = "<group>";
		};
		81FF82E92573122800C953F5 /* scannerApp */ = {
			isa = PBXGroup;
			children = (
				81FF82EA2573122800C953F5 /* AppDelegate.swift */,
				81FF82EC2573122800C953F5 /* SceneDelegate.swift */,
				81FF831C2573146200C953F5 /* Assets */,
				812204A725D050670059A460 /* Resources */,
				8122049C25D04C200059A460 /* Protocols */,
				812204A025D04C590059A460 /* Models */,
				8122049A25D04BE60059A460 /* Views */,
				8122049825D04B0B0059A460 /* Controllers */,
				8149FAD62578364F004945A2 /* Utilities */,
				81F5C33525AB69B60032278A /* Extension */,
			);
			path = scannerApp;
			sourceTree = "<group>";
		};
		81FF831C2573146200C953F5 /* Assets */ = {
			isa = PBXGroup;
			children = (
				8122054825D058C90059A460 /* LaunchScreen.storyboard */,
				8122054725D058C90059A460 /* Main.storyboard */,
				812204E225D052CE0059A460 /* Assets.xcassets */,
				812204DE25D0528A0059A460 /* Base.lproj */,
				8122058725D06E010059A460 /* Localizable.strings */,
			);
			path = Assets;
			sourceTree = "<group>";
		};
		81FF833A25731AEF00C953F5 /* MLKit  */ = {
			isa = PBXGroup;
			children = (
				8168C4EA25981671008BCE6E /* Model */,
				812FE28125B39E4500EE8A87 /* ObjectDetection */,
				81F5C32F25AA80770032278A /* LanguageRecognition */,
				8157E405257AD914002F44D5 /* Translate */,
				8157E404257AD90A002F44D5 /* TextRecognition */,
				81408DB125BB4F4200CF57F7 /* LandmarkDetection.swift */,
				81408DB725BB6DFF00CF57F7 /* ImageLabeling.swift */,
			);
			path = "MLKit ";
			sourceTree = "<group>";
		};
/* End PBXGroup section */

/* Begin PBXNativeTarget section */
		81FF82E62573122800C953F5 /* Translate Camera */ = {
			isa = PBXNativeTarget;
			buildConfigurationList = 81FF82FB2573122A00C953F5 /* Build configuration list for PBXNativeTarget "Translate Camera" */;
			buildPhases = (
				BD66BA43E554F1998406A718 /* [CP] Check Pods Manifest.lock */,
				81FF82E32573122800C953F5 /* Sources */,
				81FF82E42573122800C953F5 /* Frameworks */,
				81FF82E52573122800C953F5 /* Resources */,
				6F65B09D99AF83CCEE58D4C5 /* [CP] Embed Pods Frameworks */,
				7D4FE9DFE0FFF7F7DF63D540 /* [CP] Copy Pods Resources */,
			);
			buildRules = (
			);
			dependencies = (
			);
			name = "Translate Camera";
			productName = scannerApp;
			productReference = 81FF82E72573122800C953F5 /* Translate Camera.app */;
			productType = "com.apple.product-type.application";
		};
/* End PBXNativeTarget section */

/* Begin PBXProject section */
		81FF82DF2573122800C953F5 /* Project object */ = {
			isa = PBXProject;
			attributes = {
				BuildIndependentTargetsInParallel = NO;
				LastSwiftUpdateCheck = 1210;
				LastUpgradeCheck = 1210;
				TargetAttributes = {
					81FF82E62573122800C953F5 = {
						CreatedOnToolsVersion = 12.1;
					};
				};
			};
			buildConfigurationList = 81FF82E22573122800C953F5 /* Build configuration list for PBXProject "scannerApp" */;
			compatibilityVersion = "Xcode 12.0";
			developmentRegion = en;
			hasScannedForEncodings = 0;
			knownRegions = (
				en,
				Base,
			);
			mainGroup = 81FF82DE2573122800C953F5;
			productRefGroup = 81FF82E82573122800C953F5 /* Products */;
			projectDirPath = "";
			projectRoot = "";
			targets = (
				81FF82E62573122800C953F5 /* Translate Camera */,
			);
		};
/* End PBXProject section */

/* Begin PBXResourcesBuildPhase section */
		81FF82E52573122800C953F5 /* Resources */ = {
			isa = PBXResourcesBuildPhase;
			buildActionMask = 2147483647;
			files = (
				8122054925D058FE0059A460 /* LaunchScreen.storyboard in Resources */,
				8122058525D06E010059A460 /* Localizable.strings in Resources */,
				8122054A25D058FE0059A460 /* Main.storyboard in Resources */,
				8168C4E325977978008BCE6E /* GoogleService-Info.plist in Resources */,
				812204E325D052CE0059A460 /* Assets.xcassets in Resources */,
				812204DF25D0528A0059A460 /* Base.lproj in Resources */,
			);
			runOnlyForDeploymentPostprocessing = 0;
		};
/* End PBXResourcesBuildPhase section */

/* Begin PBXShellScriptBuildPhase section */
		6F65B09D99AF83CCEE58D4C5 /* [CP] Embed Pods Frameworks */ = {
			isa = PBXShellScriptBuildPhase;
			buildActionMask = 2147483647;
			files = (
			);
			inputFileListPaths = (
				"${PODS_ROOT}/Target Support Files/Pods-Translate Camera/Pods-Translate Camera-frameworks-${CONFIGURATION}-input-files.xcfilelist",
			);
			name = "[CP] Embed Pods Frameworks";
			outputFileListPaths = (
				"${PODS_ROOT}/Target Support Files/Pods-Translate Camera/Pods-Translate Camera-frameworks-${CONFIGURATION}-output-files.xcfilelist",
			);
			runOnlyForDeploymentPostprocessing = 0;
			shellPath = /bin/sh;
			shellScript = "\"${PODS_ROOT}/Target Support Files/Pods-Translate Camera/Pods-Translate Camera-frameworks.sh\"\n";
			showEnvVarsInLog = 0;
		};
		7D4FE9DFE0FFF7F7DF63D540 /* [CP] Copy Pods Resources */ = {
			isa = PBXShellScriptBuildPhase;
			buildActionMask = 2147483647;
			files = (
			);
			inputFileListPaths = (
				"${PODS_ROOT}/Target Support Files/Pods-Translate Camera/Pods-Translate Camera-resources-${CONFIGURATION}-input-files.xcfilelist",
			);
			name = "[CP] Copy Pods Resources";
			outputFileListPaths = (
				"${PODS_ROOT}/Target Support Files/Pods-Translate Camera/Pods-Translate Camera-resources-${CONFIGURATION}-output-files.xcfilelist",
			);
			runOnlyForDeploymentPostprocessing = 0;
			shellPath = /bin/sh;
			shellScript = "\"${PODS_ROOT}/Target Support Files/Pods-Translate Camera/Pods-Translate Camera-resources.sh\"\n";
			showEnvVarsInLog = 0;
		};
		BD66BA43E554F1998406A718 /* [CP] Check Pods Manifest.lock */ = {
			isa = PBXShellScriptBuildPhase;
			buildActionMask = 2147483647;
			files = (
			);
			inputFileListPaths = (
			);
			inputPaths = (
				"${PODS_PODFILE_DIR_PATH}/Podfile.lock",
				"${PODS_ROOT}/Manifest.lock",
			);
			name = "[CP] Check Pods Manifest.lock";
			outputFileListPaths = (
			);
			outputPaths = (
				"$(DERIVED_FILE_DIR)/Pods-Translate Camera-checkManifestLockResult.txt",
			);
			runOnlyForDeploymentPostprocessing = 0;
			shellPath = /bin/sh;
			shellScript = "diff \"${PODS_PODFILE_DIR_PATH}/Podfile.lock\" \"${PODS_ROOT}/Manifest.lock\" > /dev/null\nif [ $? != 0 ] ; then\n    # print error to STDERR\n    echo \"error: The sandbox is not in sync with the Podfile.lock. Run 'pod install' or update your CocoaPods installation.\" >&2\n    exit 1\nfi\n# This output is used by Xcode 'outputs' to avoid re-running this script phase.\necho \"SUCCESS\" > \"${SCRIPT_OUTPUT_FILE_0}\"\n";
			showEnvVarsInLog = 0;
		};
/* End PBXShellScriptBuildPhase section */

/* Begin PBXSourcesBuildPhase section */
		81FF82E32573122800C953F5 /* Sources */ = {
			isa = PBXSourcesBuildPhase;
			buildActionMask = 2147483647;
			files = (
				81408DB525BB5A9400CF57F7 /* Modes.swift in Sources */,
				81C74D0C2579A81F00287A2C /* SegmentChooseLanguageView.swift in Sources */,
				8168C4DF2597260D008BCE6E /* SettingsView.swift in Sources */,
				814788FD258FBF3D00383673 /* LanguageModel.swift in Sources */,
				81B5FE1C25781AC000458926 /* CameraView.swift in Sources */,
				81F5C32925AA55330032278A /* HistoryViewCell.swift in Sources */,
				812FE28325B39E5800EE8A87 /* ObjectDetectionUtil.swift in Sources */,
				817DBA9D258EFDBB00529FE1 /* UserDefaultsController.swift in Sources */,
				8168C4F325986303008BCE6E /* HistoryDetailController.swift in Sources */,
				81D2B72625AA2A4000C869D2 /* HistoryDetailView.swift in Sources */,
				8168C4DB259725E4008BCE6E /* HistoryViewController.swift in Sources */,
				81518BD225A1BA8700968885 /* ImagePreviewModel.swift in Sources */,
				81CC1BB125A1FF8B007421C4 /* ImagePreviewView.swift in Sources */,
				81735A39259C3EC7006E5491 /* ChooseLanguageModel.swift in Sources */,
				812FE33125B4AAB600EE8A87 /* UIUtilities.swift in Sources */,
				8149FAD825783658004945A2 /* CGImage.swift in Sources */,
				81FF833C25731B0400C953F5 /* ScaledElementProcessor.swift in Sources */,
				8168C4ED2598169A008BCE6E /* HistoryCell.xcdatamodeld in Sources */,
				81D2B72025AA26D200C869D2 /* HistoryView.swift in Sources */,
				81F5C33225AB24360032278A /* Error.swift in Sources */,
				81F5C32D25AA72390032278A /* String+Extension.swift in Sources */,
				81CC1BA825A1FDF6007421C4 /* UIImage+Extension.swift in Sources */,
				8147891C258FCFF100383673 /* Constants.swift in Sources */,
				81FF82EB2573122800C953F5 /* AppDelegate.swift in Sources */,
				81C74D222579AF8F00287A2C /* DetailChooseLanguageViewController.swift in Sources */,
				8147891F258FF1A200383673 /* LanguageStore.swift in Sources */,
				81B5FE20257821D600458926 /* ImagePreviewController.swift in Sources */,
				8157E407257AD927002F44D5 /* TranslatorController.swift in Sources */,
				8168C4F025981883008BCE6E /* CoreDataController.swift in Sources */,
				81CC1BA525A1F5B1007421C4 /* CameraWithOptionView.swift in Sources */,
				813A30C325C6053400CBF79E /* CropBox.swift in Sources */,
				81408DB825BB6DFF00CF57F7 /* ImageLabeling.swift in Sources */,
				8168C4B025965D2D008BCE6E /* Reachability.swift in Sources */,
				812205BD25D079B20059A460 /* SubscriptionView.swift in Sources */,
				812205C025D07E7F0059A460 /* SubscriptionViewController.swift in Sources */,
				81B888132586627C00EA3EE3 /* LanguageModelsManager.swift in Sources */,
				81CC1BBA25A212E2007421C4 /* TranslateProtocol.swift in Sources */,
				81B5FE132577DF3A00458926 /* CameraViewController.swift in Sources */,
				81FF82ED2573122800C953F5 /* SceneDelegate.swift in Sources */,
				817DBA7C258EF2CE00529FE1 /* LanguageRecognitionUtils.swift in Sources */,
				81408DB225BB4F4200CF57F7 /* LandmarkDetection.swift in Sources */,
			);
			runOnlyForDeploymentPostprocessing = 0;
		};
/* End PBXSourcesBuildPhase section */

/* Begin PBXVariantGroup section */
		8122058725D06E010059A460 /* Localizable.strings */ = {
			isa = PBXVariantGroup;
			children = (
				8122058925D06E110059A460 /* en */,
			);
			name = Localizable.strings;
			sourceTree = "<group>";
		};
/* End PBXVariantGroup section */

/* Begin XCBuildConfiguration section */
		81FF82F92573122A00C953F5 /* Debug */ = {
			isa = XCBuildConfiguration;
			buildSettings = {
				ALWAYS_SEARCH_USER_PATHS = NO;
				CLANG_ANALYZER_NONNULL = YES;
				CLANG_ANALYZER_NUMBER_OBJECT_CONVERSION = YES_AGGRESSIVE;
				CLANG_CXX_LANGUAGE_STANDARD = "gnu++14";
				CLANG_CXX_LIBRARY = "libc++";
				CLANG_ENABLE_MODULES = YES;
				CLANG_ENABLE_OBJC_ARC = YES;
				CLANG_ENABLE_OBJC_WEAK = YES;
				CLANG_WARN_BLOCK_CAPTURE_AUTORELEASING = YES;
				CLANG_WARN_BOOL_CONVERSION = YES;
				CLANG_WARN_COMMA = YES;
				CLANG_WARN_CONSTANT_CONVERSION = YES;
				CLANG_WARN_DEPRECATED_OBJC_IMPLEMENTATIONS = YES;
				CLANG_WARN_DIRECT_OBJC_ISA_USAGE = YES_ERROR;
				CLANG_WARN_DOCUMENTATION_COMMENTS = YES;
				CLANG_WARN_EMPTY_BODY = YES;
				CLANG_WARN_ENUM_CONVERSION = YES;
				CLANG_WARN_INFINITE_RECURSION = YES;
				CLANG_WARN_INT_CONVERSION = YES;
				CLANG_WARN_NON_LITERAL_NULL_CONVERSION = YES;
				CLANG_WARN_OBJC_IMPLICIT_RETAIN_SELF = YES;
				CLANG_WARN_OBJC_LITERAL_CONVERSION = YES;
				CLANG_WARN_OBJC_ROOT_CLASS = YES_ERROR;
				CLANG_WARN_QUOTED_INCLUDE_IN_FRAMEWORK_HEADER = YES;
				CLANG_WARN_RANGE_LOOP_ANALYSIS = YES;
				CLANG_WARN_STRICT_PROTOTYPES = YES;
				CLANG_WARN_SUSPICIOUS_MOVE = YES;
				CLANG_WARN_UNGUARDED_AVAILABILITY = YES_AGGRESSIVE;
				CLANG_WARN_UNREACHABLE_CODE = YES;
				CLANG_WARN__DUPLICATE_METHOD_MATCH = YES;
				COPY_PHASE_STRIP = NO;
				DEBUG_INFORMATION_FORMAT = dwarf;
				ENABLE_STRICT_OBJC_MSGSEND = YES;
				ENABLE_TESTABILITY = YES;
				GCC_C_LANGUAGE_STANDARD = gnu11;
				GCC_DYNAMIC_NO_PIC = NO;
				GCC_NO_COMMON_BLOCKS = YES;
				GCC_OPTIMIZATION_LEVEL = 0;
				GCC_PREPROCESSOR_DEFINITIONS = (
					"DEBUG=1",
					"$(inherited)",
				);
				GCC_WARN_64_TO_32_BIT_CONVERSION = YES;
				GCC_WARN_ABOUT_RETURN_TYPE = YES_ERROR;
				GCC_WARN_UNDECLARED_SELECTOR = YES;
				GCC_WARN_UNINITIALIZED_AUTOS = YES_AGGRESSIVE;
				GCC_WARN_UNUSED_FUNCTION = YES;
				GCC_WARN_UNUSED_VARIABLE = YES;
				IPHONEOS_DEPLOYMENT_TARGET = 14.1;
				MTL_ENABLE_DEBUG_INFO = INCLUDE_SOURCE;
				MTL_FAST_MATH = YES;
				ONLY_ACTIVE_ARCH = YES;
				SDKROOT = iphoneos;
				SWIFT_ACTIVE_COMPILATION_CONDITIONS = DEBUG;
				SWIFT_OPTIMIZATION_LEVEL = "-Onone";
			};
			name = Debug;
		};
		81FF82FA2573122A00C953F5 /* Release */ = {
			isa = XCBuildConfiguration;
			buildSettings = {
				ALWAYS_SEARCH_USER_PATHS = NO;
				CLANG_ANALYZER_NONNULL = YES;
				CLANG_ANALYZER_NUMBER_OBJECT_CONVERSION = YES_AGGRESSIVE;
				CLANG_CXX_LANGUAGE_STANDARD = "gnu++14";
				CLANG_CXX_LIBRARY = "libc++";
				CLANG_ENABLE_MODULES = YES;
				CLANG_ENABLE_OBJC_ARC = YES;
				CLANG_ENABLE_OBJC_WEAK = YES;
				CLANG_WARN_BLOCK_CAPTURE_AUTORELEASING = YES;
				CLANG_WARN_BOOL_CONVERSION = YES;
				CLANG_WARN_COMMA = YES;
				CLANG_WARN_CONSTANT_CONVERSION = YES;
				CLANG_WARN_DEPRECATED_OBJC_IMPLEMENTATIONS = YES;
				CLANG_WARN_DIRECT_OBJC_ISA_USAGE = YES_ERROR;
				CLANG_WARN_DOCUMENTATION_COMMENTS = YES;
				CLANG_WARN_EMPTY_BODY = YES;
				CLANG_WARN_ENUM_CONVERSION = YES;
				CLANG_WARN_INFINITE_RECURSION = YES;
				CLANG_WARN_INT_CONVERSION = YES;
				CLANG_WARN_NON_LITERAL_NULL_CONVERSION = YES;
				CLANG_WARN_OBJC_IMPLICIT_RETAIN_SELF = YES;
				CLANG_WARN_OBJC_LITERAL_CONVERSION = YES;
				CLANG_WARN_OBJC_ROOT_CLASS = YES_ERROR;
				CLANG_WARN_QUOTED_INCLUDE_IN_FRAMEWORK_HEADER = YES;
				CLANG_WARN_RANGE_LOOP_ANALYSIS = YES;
				CLANG_WARN_STRICT_PROTOTYPES = YES;
				CLANG_WARN_SUSPICIOUS_MOVE = YES;
				CLANG_WARN_UNGUARDED_AVAILABILITY = YES_AGGRESSIVE;
				CLANG_WARN_UNREACHABLE_CODE = YES;
				CLANG_WARN__DUPLICATE_METHOD_MATCH = YES;
				COPY_PHASE_STRIP = NO;
				DEBUG_INFORMATION_FORMAT = "dwarf-with-dsym";
				ENABLE_NS_ASSERTIONS = NO;
				ENABLE_STRICT_OBJC_MSGSEND = YES;
				GCC_C_LANGUAGE_STANDARD = gnu11;
				GCC_NO_COMMON_BLOCKS = YES;
				GCC_WARN_64_TO_32_BIT_CONVERSION = YES;
				GCC_WARN_ABOUT_RETURN_TYPE = YES_ERROR;
				GCC_WARN_UNDECLARED_SELECTOR = YES;
				GCC_WARN_UNINITIALIZED_AUTOS = YES_AGGRESSIVE;
				GCC_WARN_UNUSED_FUNCTION = YES;
				GCC_WARN_UNUSED_VARIABLE = YES;
				IPHONEOS_DEPLOYMENT_TARGET = 14.1;
				MTL_ENABLE_DEBUG_INFO = NO;
				MTL_FAST_MATH = YES;
				SDKROOT = iphoneos;
				SWIFT_COMPILATION_MODE = wholemodule;
				SWIFT_OPTIMIZATION_LEVEL = "-O";
				VALIDATE_PRODUCT = YES;
			};
			name = Release;
		};
		81FF82FC2573122A00C953F5 /* Debug */ = {
			isa = XCBuildConfiguration;
			baseConfigurationReference = EB18E205764717AB9292305C /* Pods-Translate Camera.debug.xcconfig */;
			buildSettings = {
				ASSETCATALOG_COMPILER_APPICON_NAME = AppIcon;
				ASSETCATALOG_COMPILER_GLOBAL_ACCENT_COLOR_NAME = AccentColor;
				CODE_SIGN_STYLE = Automatic;
				DEVELOPMENT_ASSET_PATHS = "";
				DEVELOPMENT_TEAM = G54E5SU345;
				INFOPLIST_FILE = scannerApp/Resources/Info.plist;
				IPHONEOS_DEPLOYMENT_TARGET = 13.0;
				LD_RUNPATH_SEARCH_PATHS = (
					"$(inherited)",
					"@executable_path/Frameworks",
				);
				PRODUCT_BUNDLE_IDENTIFIER = btoj.translateCamera;
				PRODUCT_NAME = "$(TARGET_NAME)";
				SWIFT_VERSION = 5.0;
				TARGETED_DEVICE_FAMILY = "1,2";
			};
			name = Debug;
		};
		81FF82FD2573122A00C953F5 /* Release */ = {
			isa = XCBuildConfiguration;
			baseConfigurationReference = 2420E960C54F1B99251E23CB /* Pods-Translate Camera.release.xcconfig */;
			buildSettings = {
				ASSETCATALOG_COMPILER_APPICON_NAME = AppIcon;
				ASSETCATALOG_COMPILER_GLOBAL_ACCENT_COLOR_NAME = AccentColor;
				CODE_SIGN_STYLE = Automatic;
				DEVELOPMENT_ASSET_PATHS = "";
				DEVELOPMENT_TEAM = G54E5SU345;
				INFOPLIST_FILE = scannerApp/Resources/Info.plist;
				IPHONEOS_DEPLOYMENT_TARGET = 13.0;
				LD_RUNPATH_SEARCH_PATHS = (
					"$(inherited)",
					"@executable_path/Frameworks",
				);
				PRODUCT_BUNDLE_IDENTIFIER = btoj.translateCamera;
				PRODUCT_NAME = "$(TARGET_NAME)";
				SWIFT_VERSION = 5.0;
				TARGETED_DEVICE_FAMILY = "1,2";
			};
			name = Release;
		};
/* End XCBuildConfiguration section */

/* Begin XCConfigurationList section */
		81FF82E22573122800C953F5 /* Build configuration list for PBXProject "scannerApp" */ = {
			isa = XCConfigurationList;
			buildConfigurations = (
				81FF82F92573122A00C953F5 /* Debug */,
				81FF82FA2573122A00C953F5 /* Release */,
			);
			defaultConfigurationIsVisible = 0;
			defaultConfigurationName = Release;
		};
		81FF82FB2573122A00C953F5 /* Build configuration list for PBXNativeTarget "Translate Camera" */ = {
			isa = XCConfigurationList;
			buildConfigurations = (
				81FF82FC2573122A00C953F5 /* Debug */,
				81FF82FD2573122A00C953F5 /* Release */,
			);
			defaultConfigurationIsVisible = 0;
			defaultConfigurationName = Release;
		};
/* End XCConfigurationList section */

/* Begin XCVersionGroup section */
		8168C4EB2598169A008BCE6E /* HistoryCell.xcdatamodeld */ = {
			isa = XCVersionGroup;
			children = (
				8168C4EC2598169A008BCE6E /* HistoryCell.xcdatamodel */,
			);
			currentVersion = 8168C4EC2598169A008BCE6E /* HistoryCell.xcdatamodel */;
			path = HistoryCell.xcdatamodeld;
			sourceTree = "<group>";
			versionGroupType = wrapper.xcdatamodel;
		};
/* End XCVersionGroup section */
	};
	rootObject = 81FF82DF2573122800C953F5 /* Project object */;
}
